
Microsoft Visual Studio Solution File, Format Version 12.00
# Visual Studio Version 16
VisualStudioVersion = 16.0.29709.97
MinimumVisualStudioVersion = 10.0.40219.1
Project("{FAE04EC0-301F-11D3-BF4B-00C04F79EFBC}") = "JenkinsFinder", "JenkinsFinder\JenkinsFinder.csproj", "{8D4F7748-B6BA-42B1-8C86-8BD7F9C8C01C}"
EndProject
Global
	GlobalSection(SolutionConfigurationPlatforms) = preSolution
		Debug|Any CPU = Debug|Any CPU
		Release|Any CPU = Release|Any CPU
	EndGlobalSection
	GlobalSection(ProjectConfigurationPlatforms) = postSolution
		{8D4F7748-B6BA-42B1-8C86-8BD7F9C8C01C}.Debug|Any CPU.ActiveCfg = Debug|Any CPU
		{8D4F7748-B6BA-42B1-8C86-8BD7F9C8C01C}.Debug|Any CPU.Build.0 = Debug|Any CPU
		{8D4F7748-B6BA-42B1-8C86-8BD7F9C8C01C}.Release|Any CPU.ActiveCfg = Release|Any CPU
		{8D4F7748-B6BA-42B1-8C86-8BD7F9C8C01C}.Release|Any CPU.Build.0 = Release|Any CPU
	EndGlobalSection
	GlobalSection(SolutionProperties) = preSolution
		HideSolutionNode = FALSE
	EndGlobalSection
	GlobalSection(ExtensibilityGlobals) = postSolution
		SolutionGuid = {5453C825-87F0-4477-BF09-FDC061BC91AD}
	EndGlobalSection
EndGlobal
